
Microsoft Visual Studio Solution File, Format Version 12.00
# Visual Studio Version 17
VisualStudioVersion = 17.5.33424.131
MinimumVisualStudioVersion = 10.0.40219.1
Project("{FAE04EC0-301F-11D3-BF4B-00C04F79EFBC}") = "NewProject13", "NewProject13\NewProject13.csproj", "{D998D3DC-0C59-45C7-9461-4E5DFD3F4AB8}"
EndProject
Global
	GlobalSection(SolutionConfigurationPlatforms) = preSolution
		Debug|Any CPU = Debug|Any CPU
		Release|Any CPU = Release|Any CPU
	EndGlobalSection
	GlobalSection(ProjectConfigurationPlatforms) = postSolution
		{D998D3DC-0C59-45C7-9461-4E5DFD3F4AB8}.Debug|Any CPU.ActiveCfg = Debug|Any CPU
		{D998D3DC-0C59-45C7-9461-4E5DFD3F4AB8}.Debug|Any CPU.Build.0 = Debug|Any CPU
		{D998D3DC-0C59-45C7-9461-4E5DFD3F4AB8}.Release|Any CPU.ActiveCfg = Release|Any CPU
		{D998D3DC-0C59-45C7-9461-4E5DFD3F4AB8}.Release|Any CPU.Build.0 = Release|Any CPU
	EndGlobalSection
	GlobalSection(SolutionProperties) = preSolution
		HideSolutionNode = FALSE
	EndGlobalSection
	GlobalSection(ExtensibilityGlobals) = postSolution
		SolutionGuid = {30D474D3-9B3E-4D96-B0B1-E661ECE065C9}
	EndGlobalSection
EndGlobal
